
Microsoft Visual Studio Solution File, Format Version 12.00
# Visual Studio 15
VisualStudioVersion = 15.0.26730.15
MinimumVisualStudioVersion = 10.0.40219.1
Project("{FAE04EC0-301F-11D3-BF4B-00C04F79EFBC}") = "StrikeTrip", "StrikeTrip\StrikeTrip.csproj", "{14ECF98D-FB78-4540-8E87-38EDD63B8EEA}"
EndProject
Global
	GlobalSection(SolutionConfigurationPlatforms) = preSolution
		Debug|Any CPU = Debug|Any CPU
		Release|Any CPU = Release|Any CPU
	EndGlobalSection
	GlobalSection(ProjectConfigurationPlatforms) = postSolution
		{14ECF98D-FB78-4540-8E87-38EDD63B8EEA}.Debug|Any CPU.ActiveCfg = Debug|Any CPU
		{14ECF98D-FB78-4540-8E87-38EDD63B8EEA}.Debug|Any CPU.Build.0 = Debug|Any CPU
		{14ECF98D-FB78-4540-8E87-38EDD63B8EEA}.Release|Any CPU.ActiveCfg = Release|Any CPU
		{14ECF98D-FB78-4540-8E87-38EDD63B8EEA}.Release|Any CPU.Build.0 = Release|Any CPU
	EndGlobalSection
	GlobalSection(SolutionProperties) = preSolution
		HideSolutionNode = FALSE
	EndGlobalSection
	GlobalSection(ExtensibilityGlobals) = postSolution
		SolutionGuid = {194C08F0-FEDF-4E63-A779-F1958C613AC4}
	EndGlobalSection
EndGlobal
